
Microsoft Visual Studio Solution File, Format Version 12.00
# Visual Studio Version 16
VisualStudioVersion = 16.0.31424.327
MinimumVisualStudioVersion = 10.0.40219.1
Project("{FAE04EC0-301F-11D3-BF4B-00C04F79EFBC}") = "GuessANumber", "GuessANumber\GuessANumber.csproj", "{8DA71AB2-A49C-41E1-A896-7F55603D38AA}"
EndProject
Global
	GlobalSection(SolutionConfigurationPlatforms) = preSolution
		Debug|Any CPU = Debug|Any CPU
		Release|Any CPU = Release|Any CPU
	EndGlobalSection
	GlobalSection(ProjectConfigurationPlatforms) = postSolution
		{8DA71AB2-A49C-41E1-A896-7F55603D38AA}.Debug|Any CPU.ActiveCfg = Debug|Any CPU
		{8DA71AB2-A49C-41E1-A896-7F55603D38AA}.Debug|Any CPU.Build.0 = Debug|Any CPU
		{8DA71AB2-A49C-41E1-A896-7F55603D38AA}.Release|Any CPU.ActiveCfg = Release|Any CPU
		{8DA71AB2-A49C-41E1-A896-7F55603D38AA}.Release|Any CPU.Build.0 = Release|Any CPU
	EndGlobalSection
	GlobalSection(SolutionProperties) = preSolution
		HideSolutionNode = FALSE
	EndGlobalSection
	GlobalSection(ExtensibilityGlobals) = postSolution
		SolutionGuid = {14CAF2D7-02B7-4327-9083-241A44C0B9CF}
	EndGlobalSection
EndGlobal
